
Microsoft Visual Studio Solution File, Format Version 12.00
# Visual Studio Version 17
VisualStudioVersion = 17.3.32811.315
MinimumVisualStudioVersion = 10.0.40219.1
Project("{FAE04EC0-301F-11D3-BF4B-00C04F79EFBC}") = "LeetCode", "LeetCode.csproj", "{858AA7A6-3D37-449A-8FB6-AC3E7E1848B6}"
EndProject
Global
	GlobalSection(SolutionConfigurationPlatforms) = preSolution
		Debug|Any CPU = Debug|Any CPU
		Release|Any CPU = Release|Any CPU
	EndGlobalSection
	GlobalSection(ProjectConfigurationPlatforms) = postSolution
		{858AA7A6-3D37-449A-8FB6-AC3E7E1848B6}.Debug|Any CPU.ActiveCfg = Debug|Any CPU
		{858AA7A6-3D37-449A-8FB6-AC3E7E1848B6}.Debug|Any CPU.Build.0 = Debug|Any CPU
		{858AA7A6-3D37-449A-8FB6-AC3E7E1848B6}.Release|Any CPU.ActiveCfg = Release|Any CPU
		{858AA7A6-3D37-449A-8FB6-AC3E7E1848B6}.Release|Any CPU.Build.0 = Release|Any CPU
	EndGlobalSection
	GlobalSection(SolutionProperties) = preSolution
		HideSolutionNode = FALSE
	EndGlobalSection
	GlobalSection(ExtensibilityGlobals) = postSolution
		SolutionGuid = {713F5078-002F-4DDA-BCA0-A19888592C54}
	EndGlobalSection
EndGlobal
